// !$*UTF8*$!
{
	archiveVersion = 1;
	classes = {
	};
	objectVersion = 56;
	objects = {

/* Begin PBXBuildFile section */
		844D5F1D2BBE976E00C22FA7 /* AppDelegate.swift in Sources */ = {isa = PBXBuildFile; fileRef = 844D5F1C2BBE976E00C22FA7 /* AppDelegate.swift */; };
		844D5F1F2BBE976E00C22FA7 /* SceneDelegate.swift in Sources */ = {isa = PBXBuildFile; fileRef = 844D5F1E2BBE976E00C22FA7 /* SceneDelegate.swift */; };
		844D5F212BBE976E00C22FA7 /* ViewController.swift in Sources */ = {isa = PBXBuildFile; fileRef = 844D5F202BBE976E00C22FA7 /* ViewController.swift */; };
		844D5F242BBE976E00C22FA7 /* Base in Resources */ = {isa = PBXBuildFile; fileRef = 844D5F232BBE976E00C22FA7 /* Base */; };
		844D5F262BBE976F00C22FA7 /* Assets.xcassets in Resources */ = {isa = PBXBuildFile; fileRef = 844D5F252BBE976F00C22FA7 /* Assets.xcassets */; };
		844D5F292BBE976F00C22FA7 /* Base in Resources */ = {isa = PBXBuildFile; fileRef = 844D5F282BBE976F00C22FA7 /* Base */; };
		844D5F342BBE976F00C22FA7 /* To_DooSTests.swift in Sources */ = {isa = PBXBuildFile; fileRef = 844D5F332BBE976F00C22FA7 /* To_DooSTests.swift */; };
		844D5F3E2BBE976F00C22FA7 /* To_DooSUITests.swift in Sources */ = {isa = PBXBuildFile; fileRef = 844D5F3D2BBE976F00C22FA7 /* To_DooSUITests.swift */; };
		844D5F402BBE976F00C22FA7 /* To_DooSUITestsLaunchTests.swift in Sources */ = {isa = PBXBuildFile; fileRef = 844D5F3F2BBE976F00C22FA7 /* To_DooSUITestsLaunchTests.swift */; };
/* End PBXBuildFile section */

/* Begin PBXContainerItemProxy section */
		844D5F302BBE976F00C22FA7 /* PBXContainerItemProxy */ = {
			isa = PBXContainerItemProxy;
			containerPortal = 844D5F112BBE976E00C22FA7 /* Project object */;
			proxyType = 1;
			remoteGlobalIDString = 844D5F182BBE976E00C22FA7;
			remoteInfo = "To DooS";
		};
		844D5F3A2BBE976F00C22FA7 /* PBXContainerItemProxy */ = {
			isa = PBXContainerItemProxy;
			containerPortal = 844D5F112BBE976E00C22FA7 /* Project object */;
			proxyType = 1;
			remoteGlobalIDString = 844D5F182BBE976E00C22FA7;
			remoteInfo = "To DooS";
		};
/* End PBXContainerItemProxy section */

/* Begin PBXFileReference section */
		844D5F192BBE976E00C22FA7 /* To DooS.app */ = {isa = PBXFileReference; explicitFileType = wrapper.application; includeInIndex = 0; path = "To DooS.app"; sourceTree = BUILT_PRODUCTS_DIR; };
		844D5F1C2BBE976E00C22FA7 /* AppDelegate.swift */ = {isa = PBXFileReference; lastKnownFileType = sourcecode.swift; path = AppDelegate.swift; sourceTree = "<group>"; };
		844D5F1E2BBE976E00C22FA7 /* SceneDelegate.swift */ = {isa = PBXFileReference; lastKnownFileType = sourcecode.swift; path = SceneDelegate.swift; sourceTree = "<group>"; };
		844D5F202BBE976E00C22FA7 /* ViewController.swift */ = {isa = PBXFileReference; lastKnownFileType = sourcecode.swift; path = ViewController.swift; sourceTree = "<group>"; };
		844D5F232BBE976E00C22FA7 /* Base */ = {isa = PBXFileReference; lastKnownFileType = file.storyboard; name = Base; path = Base.lproj/Main.storyboard; sourceTree = "<group>"; };
		844D5F252BBE976F00C22FA7 /* Assets.xcassets */ = {isa = PBXFileReference; lastKnownFileType = folder.assetcatalog; path = Assets.xcassets; sourceTree = "<group>"; };
		844D5F282BBE976F00C22FA7 /* Base */ = {isa = PBXFileReference; lastKnownFileType = file.storyboard; name = Base; path = Base.lproj/LaunchScreen.storyboard; sourceTree = "<group>"; };
		844D5F2A2BBE976F00C22FA7 /* Info.plist */ = {isa = PBXFileReference; lastKnownFileType = text.plist.xml; path = Info.plist; sourceTree = "<group>"; };
		844D5F2F2BBE976F00C22FA7 /* To DooSTests.xctest */ = {isa = PBXFileReference; explicitFileType = wrapper.cfbundle; includeInIndex = 0; path = "To DooSTests.xctest"; sourceTree = BUILT_PRODUCTS_DIR; };
		844D5F332BBE976F00C22FA7 /* To_DooSTests.swift */ = {isa = PBXFileReference; lastKnownFileType = sourcecode.swift; path = To_DooSTests.swift; sourceTree = "<group>"; };
		844D5F392BBE976F00C22FA7 /* To DooSUITests.xctest */ = {isa = PBXFileReference; explicitFileType = wrapper.cfbundle; includeInIndex = 0; path = "To DooSUITests.xctest"; sourceTree = BUILT_PRODUCTS_DIR; };
		844D5F3D2BBE976F00C22FA7 /* To_DooSUITests.swift */ = {isa = PBXFileReference; lastKnownFileType = sourcecode.swift; path = To_DooSUITests.swift; sourceTree = "<group>"; };
		844D5F3F2BBE976F00C22FA7 /* To_DooSUITestsLaunchTests.swift */ = {isa = PBXFileReference; lastKnownFileType = sourcecode.swift; path = To_DooSUITestsLaunchTests.swift; sourceTree = "<group>"; };
/* End PBXFileReference section */

/* Begin PBXFrameworksBuildPhase section */
		844D5F162BBE976E00C22FA7 /* Frameworks */ = {
			isa = PBXFrameworksBuildPhase;
			buildActionMask = 2147483647;
			files = (
			);
			runOnlyForDeploymentPostprocessing = 0;
		};
		844D5F2C2BBE976F00C22FA7 /* Frameworks */ = {
			isa = PBXFrameworksBuildPhase;
			buildActionMask = 2147483647;
			files = (
			);
			runOnlyForDeploymentPostprocessing = 0;
		};
		844D5F362BBE976F00C22FA7 /* Frameworks */ = {
			isa = PBXFrameworksBuildPhase;
			buildActionMask = 2147483647;
			files = (
			);
			runOnlyForDeploymentPostprocessing = 0;
		};
/* End PBXFrameworksBuildPhase section */

/* Begin PBXGroup section */
		844D5F102BBE976E00C22FA7 = {
			isa = PBXGroup;
			children = (
				844D5F1B2BBE976E00C22FA7 /* To DooS */,
				844D5F322BBE976F00C22FA7 /* To DooSTests */,
				844D5F3C2BBE976F00C22FA7 /* To DooSUITests */,
				844D5F1A2BBE976E00C22FA7 /* Products */,
			);
			sourceTree = "<group>";
		};
		844D5F1A2BBE976E00C22FA7 /* Products */ = {
			isa = PBXGroup;
			children = (
				844D5F192BBE976E00C22FA7 /* To DooS.app */,
				844D5F2F2BBE976F00C22FA7 /* To DooSTests.xctest */,
				844D5F392BBE976F00C22FA7 /* To DooSUITests.xctest */,
			);
			name = Products;
			sourceTree = "<group>";
		};
		844D5F1B2BBE976E00C22FA7 /* To DooS */ = {
			isa = PBXGroup;
			children = (
				844D5F1C2BBE976E00C22FA7 /* AppDelegate.swift */,
				844D5F1E2BBE976E00C22FA7 /* SceneDelegate.swift */,
				844D5F202BBE976E00C22FA7 /* ViewController.swift */,
				844D5F222BBE976E00C22FA7 /* Main.storyboard */,
				844D5F252BBE976F00C22FA7 /* Assets.xcassets */,
				844D5F272BBE976F00C22FA7 /* LaunchScreen.storyboard */,
				844D5F2A2BBE976F00C22FA7 /* Info.plist */,
			);
			path = "To DooS";
			sourceTree = "<group>";
		};
		844D5F322BBE976F00C22FA7 /* To DooSTests */ = {
			isa = PBXGroup;
			children = (
				844D5F332BBE976F00C22FA7 /* To_DooSTests.swift */,
			);
			path = "To DooSTests";
			sourceTree = "<group>";
		};
		844D5F3C2BBE976F00C22FA7 /* To DooSUITests */ = {
			isa = PBXGroup;
			children = (
				844D5F3D2BBE976F00C22FA7 /* To_DooSUITests.swift */,
				844D5F3F2BBE976F00C22FA7 /* To_DooSUITestsLaunchTests.swift */,
			);
			path = "To DooSUITests";
			sourceTree = "<group>";
		};
/* End PBXGroup section */

/* Begin PBXNativeTarget section */
		844D5F182BBE976E00C22FA7 /* To DooS */ = {
			isa = PBXNativeTarget;
			buildConfigurationList = 844D5F432BBE976F00C22FA7 /* Build configuration list for PBXNativeTarget "To DooS" */;
			buildPhases = (
				844D5F152BBE976E00C22FA7 /* Sources */,
				844D5F162BBE976E00C22FA7 /* Frameworks */,
				844D5F172BBE976E00C22FA7 /* Resources */,
			);
			buildRules = (
			);
			dependencies = (
			);
			name = "To DooS";
			productName = "To DooS";
			productReference = 844D5F192BBE976E00C22FA7 /* To DooS.app */;
			productType = "com.apple.product-type.application";
		};
		844D5F2E2BBE976F00C22FA7 /* To DooSTests */ = {
			isa = PBXNativeTarget;
			buildConfigurationList = 844D5F462BBE976F00C22FA7 /* Build configuration list for PBXNativeTarget "To DooSTests" */;
			buildPhases = (
				844D5F2B2BBE976F00C22FA7 /* Sources */,
				844D5F2C2BBE976F00C22FA7 /* Frameworks */,
				844D5F2D2BBE976F00C22FA7 /* Resources */,
			);
			buildRules = (
			);
			dependencies = (
				844D5F312BBE976F00C22FA7 /* PBXTargetDependency */,
			);
			name = "To DooSTests";
			productName = "To DooSTests";
			productReference = 844D5F2F2BBE976F00C22FA7 /* To DooSTests.xctest */;
			productType = "com.apple.product-type.bundle.unit-test";
		};
		844D5F382BBE976F00C22FA7 /* To DooSUITests */ = {
			isa = PBXNativeTarget;
			buildConfigurationList = 844D5F492BBE976F00C22FA7 /* Build configuration list for PBXNativeTarget "To DooSUITests" */;
			buildPhases = (
				844D5F352BBE976F00C22FA7 /* Sources */,
				844D5F362BBE976F00C22FA7 /* Frameworks */,
				844D5F372BBE976F00C22FA7 /* Resources */,
			);
			buildRules = (
			);
			dependencies = (
				844D5F3B2BBE976F00C22FA7 /* PBXTargetDependency */,
			);
			name = "To DooSUITests";
			productName = "To DooSUITests";
			productReference = 844D5F392BBE976F00C22FA7 /* To DooSUITests.xctest */;
			productType = "com.apple.product-type.bundle.ui-testing";
		};
/* End PBXNativeTarget section */

/* Begin PBXProject section */
		844D5F112BBE976E00C22FA7 /* Project object */ = {
			isa = PBXProject;
			attributes = {
				BuildIndependentTargetsInParallel = 1;
				LastSwiftUpdateCheck = 1530;
				LastUpgradeCheck = 1530;
				TargetAttributes = {
					844D5F182BBE976E00C22FA7 = {
						CreatedOnToolsVersion = 15.3;
					};
					844D5F2E2BBE976F00C22FA7 = {
						CreatedOnToolsVersion = 15.3;
						TestTargetID = 844D5F182BBE976E00C22FA7;
					};
					844D5F382BBE976F00C22FA7 = {
						CreatedOnToolsVersion = 15.3;
						TestTargetID = 844D5F182BBE976E00C22FA7;
					};
				};
			};
			buildConfigurationList = 844D5F142BBE976E00C22FA7 /* Build configuration list for PBXProject "To DooS" */;
			compatibilityVersion = "Xcode 14.0";
			developmentRegion = en;
			hasScannedForEncodings = 0;
			knownRegions = (
				en,
				Base,
			);
			mainGroup = 844D5F102BBE976E00C22FA7;
			productRefGroup = 844D5F1A2BBE976E00C22FA7 /* Products */;
			projectDirPath = "";
			projectRoot = "";
			targets = (
				844D5F182BBE976E00C22FA7 /* To DooS */,
				844D5F2E2BBE976F00C22FA7 /* To DooSTests */,
				844D5F382BBE976F00C22FA7 /* To DooSUITests */,
			);
		};
/* End PBXProject section */

/* Begin PBXResourcesBuildPhase section */
		844D5F172BBE976E00C22FA7 /* Resources */ = {
			isa = PBXResourcesBuildPhase;
			buildActionMask = 2147483647;
			files = (
				844D5F262BBE976F00C22FA7 /* Assets.xcassets in Resources */,
				844D5F292BBE976F00C22FA7 /* Base in Resources */,
				844D5F242BBE976E00C22FA7 /* Base in Resources */,
			);
			runOnlyForDeploymentPostprocessing = 0;
		};
		844D5F2D2BBE976F00C22FA7 /* Resources */ = {
			isa = PBXResourcesBuildPhase;
			buildActionMask = 2147483647;
			files = (
			);
			runOnlyForDeploymentPostprocessing = 0;
		};
		844D5F372BBE976F00C22FA7 /* Resources */ = {
			isa = PBXResourcesBuildPhase;
			buildActionMask = 2147483647;
			files = (
			);
			runOnlyForDeploymentPostprocessing = 0;
		};
/* End PBXResourcesBuildPhase section */

/* Begin PBXSourcesBuildPhase section */
		844D5F152BBE976E00C22FA7 /* Sources */ = {
			isa = PBXSourcesBuildPhase;
			buildActionMask = 2147483647;
			files = (
				844D5F212BBE976E00C22FA7 /* ViewController.swift in Sources */,
				844D5F1D2BBE976E00C22FA7 /* AppDelegate.swift in Sources */,
				844D5F1F2BBE976E00C22FA7 /* SceneDelegate.swift in Sources */,
			);
			runOnlyForDeploymentPostprocessing = 0;
		};
		844D5F2B2BBE976F00C22FA7 /* Sources */ = {
			isa = PBXSourcesBuildPhase;
			buildActionMask = 2147483647;
			files = (
				844D5F342BBE976F00C22FA7 /* To_DooSTests.swift in Sources */,
			);
			runOnlyForDeploymentPostprocessing = 0;
		};
		844D5F352BBE976F00C22FA7 /* Sources */ = {
			isa = PBXSourcesBuildPhase;
			buildActionMask = 2147483647;
			files = (
				844D5F402BBE976F00C22FA7 /* To_DooSUITestsLaunchTests.swift in Sources */,
				844D5F3E2BBE976F00C22FA7 /* To_DooSUITests.swift in Sources */,
			);
			runOnlyForDeploymentPostprocessing = 0;
		};
/* End PBXSourcesBuildPhase section */

/* Begin PBXTargetDependency section */
		844D5F312BBE976F00C22FA7 /* PBXTargetDependency */ = {
			isa = PBXTargetDependency;
			target = 844D5F182BBE976E00C22FA7 /* To DooS */;
			targetProxy = 844D5F302BBE976F00C22FA7 /* PBXContainerItemProxy */;
		};
		844D5F3B2BBE976F00C22FA7 /* PBXTargetDependency */ = {
			isa = PBXTargetDependency;
			target = 844D5F182BBE976E00C22FA7 /* To DooS */;
			targetProxy = 844D5F3A2BBE976F00C22FA7 /* PBXContainerItemProxy */;
		};
/* End PBXTargetDependency section */

/* Begin PBXVariantGroup section */
		844D5F222BBE976E00C22FA7 /* Main.storyboard */ = {
			isa = PBXVariantGroup;
			children = (
				844D5F232BBE976E00C22FA7 /* Base */,
			);
			name = Main.storyboard;
			sourceTree = "<group>";
		};
		844D5F272BBE976F00C22FA7 /* LaunchScreen.storyboard */ = {
			isa = PBXVariantGroup;
			children = (
				844D5F282BBE976F00C22FA7 /* Base */,
			);
			name = LaunchScreen.storyboard;
			sourceTree = "<group>";
		};
/* End PBXVariantGroup section */

/* Begin XCBuildConfiguration section */
		844D5F412BBE976F00C22FA7 /* Debug */ = {
			isa = XCBuildConfiguration;
			buildSettings = {
				ALWAYS_SEARCH_USER_PATHS = NO;
				ASSETCATALOG_COMPILER_GENERATE_SWIFT_ASSET_SYMBOL_EXTENSIONS = YES;
				CLANG_ANALYZER_NONNULL = YES;
				CLANG_ANALYZER_NUMBER_OBJECT_CONVERSION = YES_AGGRESSIVE;
				CLANG_CXX_LANGUAGE_STANDARD = "gnu++20";
				CLANG_ENABLE_MODULES = YES;
				CLANG_ENABLE_OBJC_ARC = YES;
				CLANG_ENABLE_OBJC_WEAK = YES;
				CLANG_WARN_BLOCK_CAPTURE_AUTORELEASING = YES;
				CLANG_WARN_BOOL_CONVERSION = YES;
				CLANG_WARN_COMMA = YES;
				CLANG_WARN_CONSTANT_CONVERSION = YES;
				CLANG_WARN_DEPRECATED_OBJC_IMPLEMENTATIONS = YES;
				CLANG_WARN_DIRECT_OBJC_ISA_USAGE = YES_ERROR;
				CLANG_WARN_DOCUMENTATION_COMMENTS = YES;
				CLANG_WARN_EMPTY_BODY = YES;
				CLANG_WARN_ENUM_CONVERSION = YES;
				CLANG_WARN_INFINITE_RECURSION = YES;
				CLANG_WARN_INT_CONVERSION = YES;
				CLANG_WARN_NON_LITERAL_NULL_CONVERSION = YES;
				CLANG_WARN_OBJC_IMPLICIT_RETAIN_SELF = YES;
				CLANG_WARN_OBJC_LITERAL_CONVERSION = YES;
				CLANG_WARN_OBJC_ROOT_CLASS = YES_ERROR;
				CLANG_WARN_QUOTED_INCLUDE_IN_FRAMEWORK_HEADER = YES;
				CLANG_WARN_RANGE_LOOP_ANALYSIS = YES;
				CLANG_WARN_STRICT_PROTOTYPES = YES;
				CLANG_WARN_SUSPICIOUS_MOVE = YES;
				CLANG_WARN_UNGUARDED_AVAILABILITY = YES_AGGRESSIVE;
				CLANG_WARN_UNREACHABLE_CODE = YES;
				CLANG_WARN__DUPLICATE_METHOD_MATCH = YES;
				COPY_PHASE_STRIP = NO;
				DEBUG_INFORMATION_FORMAT = dwarf;
				ENABLE_STRICT_OBJC_MSGSEND = YES;
				ENABLE_TESTABILITY = YES;
				ENABLE_USER_SCRIPT_SANDBOXING = YES;
				GCC_C_LANGUAGE_STANDARD = gnu17;
				GCC_DYNAMIC_NO_PIC = NO;
				GCC_NO_COMMON_BLOCKS = YES;
				GCC_OPTIMIZATION_LEVEL = 0;
				GCC_PREPROCESSOR_DEFINITIONS = (
					"DEBUG=1",
					"$(inherited)",
				);
				GCC_WARN_64_TO_32_BIT_CONVERSION = YES;
				GCC_WARN_ABOUT_RETURN_TYPE = YES_ERROR;
				GCC_WARN_UNDECLARED_SELECTOR = YES;
				GCC_WARN_UNINITIALIZED_AUTOS = YES_AGGRESSIVE;
				GCC_WARN_UNUSED_FUNCTION = YES;
				GCC_WARN_UNUSED_VARIABLE = YES;
				IPHONEOS_DEPLOYMENT_TARGET = 17.4;
				LOCALIZATION_PREFERS_STRING_CATALOGS = YES;
				MTL_ENABLE_DEBUG_INFO = INCLUDE_SOURCE;
				MTL_FAST_MATH = YES;
				ONLY_ACTIVE_ARCH = YES;
				SDKROOT = iphoneos;
				SWIFT_ACTIVE_COMPILATION_CONDITIONS = "DEBUG $(inherited)";
				SWIFT_OPTIMIZATION_LEVEL = "-Onone";
			};
			name = Debug;
		};
		844D5F422BBE976F00C22FA7 /* Release */ = {
			isa = XCBuildConfiguration;
			buildSettings = {
				ALWAYS_SEARCH_USER_PATHS = NO;
				ASSETCATALOG_COMPILER_GENERATE_SWIFT_ASSET_SYMBOL_EXTENSIONS = YES;
				CLANG_ANALYZER_NONNULL = YES;
				CLANG_ANALYZER_NUMBER_OBJECT_CONVERSION = YES_AGGRESSIVE;
				CLANG_CXX_LANGUAGE_STANDARD = "gnu++20";
				CLANG_ENABLE_MODULES = YES;
				CLANG_ENABLE_OBJC_ARC = YES;
				CLANG_ENABLE_OBJC_WEAK = YES;
				CLANG_WARN_BLOCK_CAPTURE_AUTORELEASING = YES;
				CLANG_WARN_BOOL_CONVERSION = YES;
				CLANG_WARN_COMMA = YES;
				CLANG_WARN_CONSTANT_CONVERSION = YES;
				CLANG_WARN_DEPRECATED_OBJC_IMPLEMENTATIONS = YES;
				CLANG_WARN_DIRECT_OBJC_ISA_USAGE = YES_ERROR;
				CLANG_WARN_DOCUMENTATION_COMMENTS = YES;
				CLANG_WARN_EMPTY_BODY = YES;
				CLANG_WARN_ENUM_CONVERSION = YES;
				CLANG_WARN_INFINITE_RECURSION = YES;
				CLANG_WARN_INT_CONVERSION = YES;
				CLANG_WARN_NON_LITERAL_NULL_CONVERSION = YES;
				CLANG_WARN_OBJC_IMPLICIT_RETAIN_SELF = YES;
				CLANG_WARN_OBJC_LITERAL_CONVERSION = YES;
				CLANG_WARN_OBJC_ROOT_CLASS = YES_ERROR;
				CLANG_WARN_QUOTED_INCLUDE_IN_FRAMEWORK_HEADER = YES;
				CLANG_WARN_RANGE_LOOP_ANALYSIS = YES;
				CLANG_WARN_STRICT_PROTOTYPES = YES;
				CLANG_WARN_SUSPICIOUS_MOVE = YES;
				CLANG_WARN_UNGUARDED_AVAILABILITY = YES_AGGRESSIVE;
				CLANG_WARN_UNREACHABLE_CODE = YES;
				CLANG_WARN__DUPLICATE_METHOD_MATCH = YES;
				COPY_PHASE_STRIP = NO;
				DEBUG_INFORMATION_FORMAT = "dwarf-with-dsym";
				ENABLE_NS_ASSERTIONS = NO;
				ENABLE_STRICT_OBJC_MSGSEND = YES;
				ENABLE_USER_SCRIPT_SANDBOXING = YES;
				GCC_C_LANGUAGE_STANDARD = gnu17;
				GCC_NO_COMMON_BLOCKS = YES;
				GCC_WARN_64_TO_32_BIT_CONVERSION = YES;
				GCC_WARN_ABOUT_RETURN_TYPE = YES_ERROR;
				GCC_WARN_UNDECLARED_SELECTOR = YES;
				GCC_WARN_UNINITIALIZED_AUTOS = YES_AGGRESSIVE;
				GCC_WARN_UNUSED_FUNCTION = YES;
				GCC_WARN_UNUSED_VARIABLE = YES;
				IPHONEOS_DEPLOYMENT_TARGET = 17.4;
				LOCALIZATION_PREFERS_STRING_CATALOGS = YES;
				MTL_ENABLE_DEBUG_INFO = NO;
				MTL_FAST_MATH = YES;
				SDKROOT = iphoneos;
				SWIFT_COMPILATION_MODE = wholemodule;
				VALIDATE_PRODUCT = YES;
			};
			name = Release;
		};
		844D5F442BBE976F00C22FA7 /* Debug */ = {
			isa = XCBuildConfiguration;
			buildSettings = {
				ASSETCATALOG_COMPILER_APPICON_NAME = AppIcon;
				ASSETCATALOG_COMPILER_GLOBAL_ACCENT_COLOR_NAME = AccentColor;
				CODE_SIGN_STYLE = Automatic;
				CURRENT_PROJECT_VERSION = 1;
				DEVELOPMENT_TEAM = 3JD7U255F2;
				GENERATE_INFOPLIST_FILE = YES;
				INFOPLIST_FILE = "To DooS/Info.plist";
				INFOPLIST_KEY_UIApplicationSupportsIndirectInputEvents = YES;
				INFOPLIST_KEY_UILaunchStoryboardName = LaunchScreen;
				INFOPLIST_KEY_UIMainStoryboardFile = Main;
				INFOPLIST_KEY_UISupportedInterfaceOrientations_iPad = "UIInterfaceOrientationPortrait UIInterfaceOrientationPortraitUpsideDown UIInterfaceOrientationLandscapeLeft UIInterfaceOrientationLandscapeRight";
				INFOPLIST_KEY_UISupportedInterfaceOrientations_iPhone = "UIInterfaceOrientationPortrait UIInterfaceOrientationLandscapeLeft UIInterfaceOrientationLandscapeRight";
				LD_RUNPATH_SEARCH_PATHS = (
					"$(inherited)",
					"@executable_path/Frameworks",
				);
				MARKETING_VERSION = 1.0;
				PRODUCT_BUNDLE_IDENTIFIER = "com.haidara.To-DooS";
				PRODUCT_NAME = "$(TARGET_NAME)";
				SWIFT_EMIT_LOC_STRINGS = YES;
				SWIFT_VERSION = 5.0;
				TARGETED_DEVICE_FAMILY = "1,2";
			};
			name = Debug;
		};
		844D5F452BBE976F00C22FA7 /* Release */ = {
			isa = XCBuildConfiguration;
			buildSettings = {
				ASSETCATALOG_COMPILER_APPICON_NAME = AppIcon;
				ASSETCATALOG_COMPILER_GLOBAL_ACCENT_COLOR_NAME = AccentColor;
				CODE_SIGN_STYLE = Automatic;
				CURRENT_PROJECT_VERSION = 1;
				DEVELOPMENT_TEAM = 3JD7U255F2;
				GENERATE_INFOPLIST_FILE = YES;
				INFOPLIST_FILE = "To DooS/Info.plist";
				INFOPLIST_KEY_UIApplicationSupportsIndirectInputEvents = YES;
				INFOPLIST_KEY_UILaunchStoryboardName = LaunchScreen;
				INFOPLIST_KEY_UIMainStoryboardFile = Main;
				INFOPLIST_KEY_UISupportedInterfaceOrientations_iPad = "UIInterfaceOrientationPortrait UIInterfaceOrientationPortraitUpsideDown UIInterfaceOrientationLandscapeLeft UIInterfaceOrientationLandscapeRight";
				INFOPLIST_KEY_UISupportedInterfaceOrientations_iPhone = "UIInterfaceOrientationPortrait UIInterfaceOrientationLandscapeLeft UIInterfaceOrientationLandscapeRight";
				LD_RUNPATH_SEARCH_PATHS = (
					"$(inherited)",
					"@executable_path/Frameworks",
				);
				MARKETING_VERSION = 1.0;
				PRODUCT_BUNDLE_IDENTIFIER = "com.haidara.To-DooS";
				PRODUCT_NAME = "$(TARGET_NAME)";
				SWIFT_EMIT_LOC_STRINGS = YES;
				SWIFT_VERSION = 5.0;
				TARGETED_DEVICE_FAMILY = "1,2";
			};
			name = Release;
		};
		844D5F472BBE976F00C22FA7 /* Debug */ = {
			isa = XCBuildConfiguration;
			buildSettings = {
				ALWAYS_EMBED_SWIFT_STANDARD_LIBRARIES = YES;
				BUNDLE_LOADER = "$(TEST_HOST)";
				CODE_SIGN_STYLE = Automatic;
				CURRENT_PROJECT_VERSION = 1;
				DEVELOPMENT_TEAM = 3JD7U255F2;
				GENERATE_INFOPLIST_FILE = YES;
				IPHONEOS_DEPLOYMENT_TARGET = 17.4;
				MARKETING_VERSION = 1.0;
				PRODUCT_BUNDLE_IDENTIFIER = "com.haidara.To-DooSTests";
				PRODUCT_NAME = "$(TARGET_NAME)";
				SWIFT_EMIT_LOC_STRINGS = NO;
				SWIFT_VERSION = 5.0;
				TARGETED_DEVICE_FAMILY = "1,2";
				TEST_HOST = "$(BUILT_PRODUCTS_DIR)/To DooS.app/$(BUNDLE_EXECUTABLE_FOLDER_PATH)/To DooS";
			};
			name = Debug;
		};
		844D5F482BBE976F00C22FA7 /* Release */ = {
			isa = XCBuildConfiguration;
			buildSettings = {
				ALWAYS_EMBED_SWIFT_STANDARD_LIBRARIES = YES;
				BUNDLE_LOADER = "$(TEST_HOST)";
				CODE_SIGN_STYLE = Automatic;
				CURRENT_PROJECT_VERSION = 1;
				DEVELOPMENT_TEAM = 3JD7U255F2;
				GENERATE_INFOPLIST_FILE = YES;
				IPHONEOS_DEPLOYMENT_TARGET = 17.4;
				MARKETING_VERSION = 1.0;
				PRODUCT_BUNDLE_IDENTIFIER = "com.haidara.To-DooSTests";
				PRODUCT_NAME = "$(TARGET_NAME)";
				SWIFT_EMIT_LOC_STRINGS = NO;
				SWIFT_VERSION = 5.0;
				TARGETED_DEVICE_FAMILY = "1,2";
				TEST_HOST = "$(BUILT_PRODUCTS_DIR)/To DooS.app/$(BUNDLE_EXECUTABLE_FOLDER_PATH)/To DooS";
			};
			name = Release;
		};
		844D5F4A2BBE976F00C22FA7 /* Debug */ = {
			isa = XCBuildConfiguration;
			buildSettings = {
				ALWAYS_EMBED_SWIFT_STANDARD_LIBRARIES = YES;
				CODE_SIGN_STYLE = Automatic;
				CURRENT_PROJECT_VERSION = 1;
				DEVELOPMENT_TEAM = 3JD7U255F2;
				GENERATE_INFOPLIST_FILE = YES;
				MARKETING_VERSION = 1.0;
				PRODUCT_BUNDLE_IDENTIFIER = "com.haidara.To-DooSUITests";
				PRODUCT_NAME = "$(TARGET_NAME)";
				SWIFT_EMIT_LOC_STRINGS = NO;
				SWIFT_VERSION = 5.0;
				TARGETED_DEVICE_FAMILY = "1,2";
				TEST_TARGET_NAME = "To DooS";
			};
			name = Debug;
		};
		844D5F4B2BBE976F00C22FA7 /* Release */ = {
			isa = XCBuildConfiguration;
			buildSettings = {
				ALWAYS_EMBED_SWIFT_STANDARD_LIBRARIES = YES;
				CODE_SIGN_STYLE = Automatic;
				CURRENT_PROJECT_VERSION = 1;
				DEVELOPMENT_TEAM = 3JD7U255F2;
				GENERATE_INFOPLIST_FILE = YES;
				MARKETING_VERSION = 1.0;
				PRODUCT_BUNDLE_IDENTIFIER = "com.haidara.To-DooSUITests";
				PRODUCT_NAME = "$(TARGET_NAME)";
				SWIFT_EMIT_LOC_STRINGS = NO;
				SWIFT_VERSION = 5.0;
				TARGETED_DEVICE_FAMILY = "1,2";
				TEST_TARGET_NAME = "To DooS";
			};
			name = Release;
		};
/* End XCBuildConfiguration section */

/* Begin XCConfigurationList section */
		844D5F142BBE976E00C22FA7 /* Build configuration list for PBXProject "To DooS" */ = {
			isa = XCConfigurationList;
			buildConfigurations = (
				844D5F412BBE976F00C22FA7 /* Debug */,
				844D5F422BBE976F00C22FA7 /* Release */,
			);
			defaultConfigurationIsVisible = 0;
			defaultConfigurationName = Release;
		};
		844D5F432BBE976F00C22FA7 /* Build configuration list for PBXNativeTarget "To DooS" */ = {
			isa = XCConfigurationList;
			buildConfigurations = (
				844D5F442BBE976F00C22FA7 /* Debug */,
				844D5F452BBE976F00C22FA7 /* Release */,
			);
			defaultConfigurationIsVisible = 0;
			defaultConfigurationName = Release;
		};
		844D5F462BBE976F00C22FA7 /* Build configuration list for PBXNativeTarget "To DooSTests" */ = {
			isa = XCConfigurationList;
			buildConfigurations = (
				844D5F472BBE976F00C22FA7 /* Debug */,
				844D5F482BBE976F00C22FA7 /* Release */,
			);
			defaultConfigurationIsVisible = 0;
			defaultConfigurationName = Release;
		};
		844D5F492BBE976F00C22FA7 /* Build configuration list for PBXNativeTarget "To DooSUITests" */ = {
			isa = XCConfigurationList;
			buildConfigurations = (
				844D5F4A2BBE976F00C22FA7 /* Debug */,
				844D5F4B2BBE976F00C22FA7 /* Release */,
			);
			defaultConfigurationIsVisible = 0;
			defaultConfigurationName = Release;
		};
/* End XCConfigurationList section */
	};
	rootObject = 844D5F112BBE976E00C22FA7 /* Project object */;
}
